{
  "object": {
    "pins": [
      {
        "package": "Arduino",
        "repositoryURL": "/Users/carlpeto/Documents/Code/Microswift-Arduino",
        "state": {
          "branch": "main",
          "revision": "7590972fecc19bf13c9bb319dbcffcf4763a803d",
          "version": null
        }
      }
    ]
  },
  "version": 1
}
